
Microsoft Visual Studio Solution File, Format Version 12.00
# Visual Studio 15
VisualStudioVersion = 15.0.27130.2036
MinimumVisualStudioVersion = 10.0.40219.1
Project("{FAE04EC0-301F-11D3-BF4B-00C04F79EFBC}") = "Proekt", "Proekt\Proekt.csproj", "{8C974327-59DD-4659-AB6E-BD0C90FE637F}"
EndProject
Project("{FAE04EC0-301F-11D3-BF4B-00C04F79EFBC}") = "Proekt.DAL", "Proekt.DAL\Proekt.DAL.csproj", "{30A4E78A-486A-4C8C-B51C-5FB6C4B3C298}"
EndProject
Global
	GlobalSection(SolutionConfigurationPlatforms) = preSolution
		Debug|Any CPU = Debug|Any CPU
		Release|Any CPU = Release|Any CPU
	EndGlobalSection
	GlobalSection(ProjectConfigurationPlatforms) = postSolution
		{8C974327-59DD-4659-AB6E-BD0C90FE637F}.Debug|Any CPU.ActiveCfg = Debug|Any CPU
		{8C974327-59DD-4659-AB6E-BD0C90FE637F}.Debug|Any CPU.Build.0 = Debug|Any CPU
		{8C974327-59DD-4659-AB6E-BD0C90FE637F}.Release|Any CPU.ActiveCfg = Release|Any CPU
		{8C974327-59DD-4659-AB6E-BD0C90FE637F}.Release|Any CPU.Build.0 = Release|Any CPU
		{30A4E78A-486A-4C8C-B51C-5FB6C4B3C298}.Debug|Any CPU.ActiveCfg = Debug|Any CPU
		{30A4E78A-486A-4C8C-B51C-5FB6C4B3C298}.Debug|Any CPU.Build.0 = Debug|Any CPU
		{30A4E78A-486A-4C8C-B51C-5FB6C4B3C298}.Release|Any CPU.ActiveCfg = Release|Any CPU
		{30A4E78A-486A-4C8C-B51C-5FB6C4B3C298}.Release|Any CPU.Build.0 = Release|Any CPU
	EndGlobalSection
	GlobalSection(SolutionProperties) = preSolution
		HideSolutionNode = FALSE
	EndGlobalSection
	GlobalSection(ExtensibilityGlobals) = postSolution
		SolutionGuid = {8A0A1FD9-8D08-4956-8768-980E32A79ABD}
	EndGlobalSection
EndGlobal
